
Microsoft Visual Studio Solution File, Format Version 12.00
# Visual Studio Version 16
VisualStudioVersion = 16.0.31702.278
MinimumVisualStudioVersion = 10.0.40219.1
Project("{FAE04EC0-301F-11D3-BF4B-00C04F79EFBC}") = "TrivialFinal.UWP", "TrivialFinal\TrivialFinal.UWP\TrivialFinal.UWP.csproj", "{45CDBBD3-18A1-4C60-92BE-AE45D18DAD44}"
EndProject
Project("{FAE04EC0-301F-11D3-BF4B-00C04F79EFBC}") = "TrivialFinal.Android", "TrivialFinal\TrivialFinal.Android\TrivialFinal.Android.csproj", "{0ACAFA46-0A32-407B-BEB5-6E548C2F3CFE}"
EndProject
Project("{FAE04EC0-301F-11D3-BF4B-00C04F79EFBC}") = "TrivialFinal.iOS", "TrivialFinal\TrivialFinal.iOS\TrivialFinal.iOS.csproj", "{5AA29D92-8500-4D91-948C-2B7A3178F561}"
EndProject
Project("{FAE04EC0-301F-11D3-BF4B-00C04F79EFBC}") = "TrivialFinal", "TrivialFinal\TrivialFinal\TrivialFinal.csproj", "{2BF8FA4B-D2F6-4280-981E-05DBDAD9D2BB}"
EndProject
Global
	GlobalSection(SolutionConfigurationPlatforms) = preSolution
		Debug|Any CPU = Debug|Any CPU
		Debug|ARM = Debug|ARM
		Debug|iPhone = Debug|iPhone
		Debug|iPhoneSimulator = Debug|iPhoneSimulator
		Debug|x64 = Debug|x64
		Debug|x86 = Debug|x86
		Release|Any CPU = Release|Any CPU
		Release|ARM = Release|ARM
		Release|iPhone = Release|iPhone
		Release|iPhoneSimulator = Release|iPhoneSimulator
		Release|x64 = Release|x64
		Release|x86 = Release|x86
	EndGlobalSection
	GlobalSection(ProjectConfigurationPlatforms) = postSolution
		{45CDBBD3-18A1-4C60-92BE-AE45D18DAD44}.Debug|Any CPU.ActiveCfg = Debug|x86
		{45CDBBD3-18A1-4C60-92BE-AE45D18DAD44}.Debug|Any CPU.Build.0 = Debug|x86
		{45CDBBD3-18A1-4C60-92BE-AE45D18DAD44}.Debug|Any CPU.Deploy.0 = Debug|x86
		{45CDBBD3-18A1-4C60-92BE-AE45D18DAD44}.Debug|ARM.ActiveCfg = Debug|ARM
		{45CDBBD3-18A1-4C60-92BE-AE45D18DAD44}.Debug|ARM.Build.0 = Debug|ARM
		{45CDBBD3-18A1-4C60-92BE-AE45D18DAD44}.Debug|ARM.Deploy.0 = Debug|ARM
		{45CDBBD3-18A1-4C60-92BE-AE45D18DAD44}.Debug|iPhone.ActiveCfg = Debug|x86
		{45CDBBD3-18A1-4C60-92BE-AE45D18DAD44}.Debug|iPhone.Build.0 = Debug|x86
		{45CDBBD3-18A1-4C60-92BE-AE45D18DAD44}.Debug|iPhone.Deploy.0 = Debug|x86
		{45CDBBD3-18A1-4C60-92BE-AE45D18DAD44}.Debug|iPhoneSimulator.ActiveCfg = Debug|x86
		{45CDBBD3-18A1-4C60-92BE-AE45D18DAD44}.Debug|iPhoneSimulator.Build.0 = Debug|x86
		{45CDBBD3-18A1-4C60-92BE-AE45D18DAD44}.Debug|iPhoneSimulator.Deploy.0 = Debug|x86
		{45CDBBD3-18A1-4C60-92BE-AE45D18DAD44}.Debug|x64.ActiveCfg = Debug|x64
		{45CDBBD3-18A1-4C60-92BE-AE45D18DAD44}.Debug|x64.Build.0 = Debug|x64
		{45CDBBD3-18A1-4C60-92BE-AE45D18DAD44}.Debug|x64.Deploy.0 = Debug|x64
		{45CDBBD3-18A1-4C60-92BE-AE45D18DAD44}.Debug|x86.ActiveCfg = Debug|x86
		{45CDBBD3-18A1-4C60-92BE-AE45D18DAD44}.Debug|x86.Build.0 = Debug|x86
		{45CDBBD3-18A1-4C60-92BE-AE45D18DAD44}.Debug|x86.Deploy.0 = Debug|x86
		{45CDBBD3-18A1-4C60-92BE-AE45D18DAD44}.Release|Any CPU.ActiveCfg = Release|x86
		{45CDBBD3-18A1-4C60-92BE-AE45D18DAD44}.Release|Any CPU.Build.0 = Release|x86
		{45CDBBD3-18A1-4C60-92BE-AE45D18DAD44}.Release|Any CPU.Deploy.0 = Release|x86
		{45CDBBD3-18A1-4C60-92BE-AE45D18DAD44}.Release|ARM.ActiveCfg = Release|ARM
		{45CDBBD3-18A1-4C60-92BE-AE45D18DAD44}.Release|ARM.Build.0 = Release|ARM
		{45CDBBD3-18A1-4C60-92BE-AE45D18DAD44}.Release|ARM.Deploy.0 = Release|ARM
		{45CDBBD3-18A1-4C60-92BE-AE45D18DAD44}.Release|iPhone.ActiveCfg = Release|x86
		{45CDBBD3-18A1-4C60-92BE-AE45D18DAD44}.Release|iPhone.Build.0 = Release|x86
		{45CDBBD3-18A1-4C60-92BE-AE45D18DAD44}.Release|iPhone.Deploy.0 = Release|x86
		{45CDBBD3-18A1-4C60-92BE-AE45D18DAD44}.Release|iPhoneSimulator.ActiveCfg = Release|x86
		{45CDBBD3-18A1-4C60-92BE-AE45D18DAD44}.Release|iPhoneSimulator.Build.0 = Release|x86
		{45CDBBD3-18A1-4C60-92BE-AE45D18DAD44}.Release|iPhoneSimulator.Deploy.0 = Release|x86
		{45CDBBD3-18A1-4C60-92BE-AE45D18DAD44}.Release|x64.ActiveCfg = Release|x64
		{45CDBBD3-18A1-4C60-92BE-AE45D18DAD44}.Release|x64.Build.0 = Release|x64
		{45CDBBD3-18A1-4C60-92BE-AE45D18DAD44}.Release|x64.Deploy.0 = Release|x64
		{45CDBBD3-18A1-4C60-92BE-AE45D18DAD44}.Release|x86.ActiveCfg = Release|x86
		{45CDBBD3-18A1-4C60-92BE-AE45D18DAD44}.Release|x86.Build.0 = Release|x86
		{45CDBBD3-18A1-4C60-92BE-AE45D18DAD44}.Release|x86.Deploy.0 = Release|x86
		{0ACAFA46-0A32-407B-BEB5-6E548C2F3CFE}.Debug|Any CPU.ActiveCfg = Debug|Any CPU
		{0ACAFA46-0A32-407B-BEB5-6E548C2F3CFE}.Debug|Any CPU.Build.0 = Debug|Any CPU
		{0ACAFA46-0A32-407B-BEB5-6E548C2F3CFE}.Debug|Any CPU.Deploy.0 = Debug|Any CPU
		{0ACAFA46-0A32-407B-BEB5-6E548C2F3CFE}.Debug|ARM.ActiveCfg = Debug|Any CPU
		{0ACAFA46-0A32-407B-BEB5-6E548C2F3CFE}.Debug|ARM.Build.0 = Debug|Any CPU
		{0ACAFA46-0A32-407B-BEB5-6E548C2F3CFE}.Debug|ARM.Deploy.0 = Debug|Any CPU
		{0ACAFA46-0A32-407B-BEB5-6E548C2F3CFE}.Debug|iPhone.ActiveCfg = Debug|Any CPU
		{0ACAFA46-0A32-407B-BEB5-6E548C2F3CFE}.Debug|iPhone.Build.0 = Debug|Any CPU
		{0ACAFA46-0A32-407B-BEB5-6E548C2F3CFE}.Debug|iPhone.Deploy.0 = Debug|Any CPU
		{0ACAFA46-0A32-407B-BEB5-6E548C2F3CFE}.Debug|iPhoneSimulator.ActiveCfg = Debug|Any CPU
		{0ACAFA46-0A32-407B-BEB5-6E548C2F3CFE}.Debug|iPhoneSimulator.Build.0 = Debug|Any CPU
		{0ACAFA46-0A32-407B-BEB5-6E548C2F3CFE}.Debug|iPhoneSimulator.Deploy.0 = Debug|Any CPU
		{0ACAFA46-0A32-407B-BEB5-6E548C2F3CFE}.Debug|x64.ActiveCfg = Debug|Any CPU
		{0ACAFA46-0A32-407B-BEB5-6E548C2F3CFE}.Debug|x64.Build.0 = Debug|Any CPU
		{0ACAFA46-0A32-407B-BEB5-6E548C2F3CFE}.Debug|x64.Deploy.0 = Debug|Any CPU
		{0ACAFA46-0A32-407B-BEB5-6E548C2F3CFE}.Debug|x86.ActiveCfg = Debug|Any CPU
		{0ACAFA46-0A32-407B-BEB5-6E548C2F3CFE}.Debug|x86.Build.0 = Debug|Any CPU
		{0ACAFA46-0A32-407B-BEB5-6E548C2F3CFE}.Debug|x86.Deploy.0 = Debug|Any CPU
		{0ACAFA46-0A32-407B-BEB5-6E548C2F3CFE}.Release|Any CPU.ActiveCfg = Release|Any CPU
		{0ACAFA46-0A32-407B-BEB5-6E548C2F3CFE}.Release|Any CPU.Build.0 = Release|Any CPU
		{0ACAFA46-0A32-407B-BEB5-6E548C2F3CFE}.Release|Any CPU.Deploy.0 = Release|Any CPU
		{0ACAFA46-0A32-407B-BEB5-6E548C2F3CFE}.Release|ARM.ActiveCfg = Release|Any CPU
		{0ACAFA46-0A32-407B-BEB5-6E548C2F3CFE}.Release|ARM.Build.0 = Release|Any CPU
		{0ACAFA46-0A32-407B-BEB5-6E548C2F3CFE}.Release|ARM.Deploy.0 = Release|Any CPU
		{0ACAFA46-0A32-407B-BEB5-6E548C2F3CFE}.Release|iPhone.ActiveCfg = Release|Any CPU
		{0ACAFA46-0A32-407B-BEB5-6E548C2F3CFE}.Release|iPhone.Build.0 = Release|Any CPU
		{0ACAFA46-0A32-407B-BEB5-6E548C2F3CFE}.Release|iPhone.Deploy.0 = Release|Any CPU
		{0ACAFA46-0A32-407B-BEB5-6E548C2F3CFE}.Release|iPhoneSimulator.ActiveCfg = Release|Any CPU
		{0ACAFA46-0A32-407B-BEB5-6E548C2F3CFE}.Release|iPhoneSimulator.Build.0 = Release|Any CPU
		{0ACAFA46-0A32-407B-BEB5-6E548C2F3CFE}.Release|iPhoneSimulator.Deploy.0 = Release|Any CPU
		{0ACAFA46-0A32-407B-BEB5-6E548C2F3CFE}.Release|x64.ActiveCfg = Release|Any CPU
		{0ACAFA46-0A32-407B-BEB5-6E548C2F3CFE}.Release|x64.Build.0 = Release|Any CPU
		{0ACAFA46-0A32-407B-BEB5-6E548C2F3CFE}.Release|x64.Deploy.0 = Release|Any CPU
		{0ACAFA46-0A32-407B-BEB5-6E548C2F3CFE}.Release|x86.ActiveCfg = Release|Any CPU
		{0ACAFA46-0A32-407B-BEB5-6E548C2F3CFE}.Release|x86.Build.0 = Release|Any CPU
		{0ACAFA46-0A32-407B-BEB5-6E548C2F3CFE}.Release|x86.Deploy.0 = Release|Any CPU
		{5AA29D92-8500-4D91-948C-2B7A3178F561}.Debug|Any CPU.ActiveCfg = Debug|iPhoneSimulator
		{5AA29D92-8500-4D91-948C-2B7A3178F561}.Debug|Any CPU.Build.0 = Debug|iPhoneSimulator
		{5AA29D92-8500-4D91-948C-2B7A3178F561}.Debug|Any CPU.Deploy.0 = Debug|iPhoneSimulator
		{5AA29D92-8500-4D91-948C-2B7A3178F561}.Debug|ARM.ActiveCfg = Debug|iPhone
		{5AA29D92-8500-4D91-948C-2B7A3178F561}.Debug|ARM.Build.0 = Debug|iPhone
		{5AA29D92-8500-4D91-948C-2B7A3178F561}.Debug|ARM.Deploy.0 = Debug|iPhone
		{5AA29D92-8500-4D91-948C-2B7A3178F561}.Debug|iPhone.ActiveCfg = Debug|iPhone
		{5AA29D92-8500-4D91-948C-2B7A3178F561}.Debug|iPhone.Build.0 = Debug|iPhone
		{5AA29D92-8500-4D91-948C-2B7A3178F561}.Debug|iPhone.Deploy.0 = Debug|iPhone
		{5AA29D92-8500-4D91-948C-2B7A3178F561}.Debug|iPhoneSimulator.ActiveCfg = Debug|iPhoneSimulator
		{5AA29D92-8500-4D91-948C-2B7A3178F561}.Debug|iPhoneSimulator.Build.0 = Debug|iPhoneSimulator
		{5AA29D92-8500-4D91-948C-2B7A3178F561}.Debug|iPhoneSimulator.Deploy.0 = Debug|iPhoneSimulator
		{5AA29D92-8500-4D91-948C-2B7A3178F561}.Debug|x64.ActiveCfg = Debug|iPhoneSimulator
		{5AA29D92-8500-4D91-948C-2B7A3178F561}.Debug|x64.Build.0 = Debug|iPhoneSimulator
		{5AA29D92-8500-4D91-948C-2B7A3178F561}.Debug|x64.Deploy.0 = Debug|iPhoneSimulator
		{5AA29D92-8500-4D91-948C-2B7A3178F561}.Debug|x86.ActiveCfg = Debug|iPhoneSimulator
		{5AA29D92-8500-4D91-948C-2B7A3178F561}.Debug|x86.Build.0 = Debug|iPhoneSimulator
		{5AA29D92-8500-4D91-948C-2B7A3178F561}.Debug|x86.Deploy.0 = Debug|iPhoneSimulator
		{5AA29D92-8500-4D91-948C-2B7A3178F561}.Release|Any CPU.ActiveCfg = Release|iPhoneSimulator
		{5AA29D92-8500-4D91-948C-2B7A3178F561}.Release|Any CPU.Build.0 = Release|iPhoneSimulator
		{5AA29D92-8500-4D91-948C-2B7A3178F561}.Release|Any CPU.Deploy.0 = Release|iPhoneSimulator
		{5AA29D92-8500-4D91-948C-2B7A3178F561}.Release|ARM.ActiveCfg = Release|iPhoneSimulator
		{5AA29D92-8500-4D91-948C-2B7A3178F561}.Release|ARM.Build.0 = Release|iPhoneSimulator
		{5AA29D92-8500-4D91-948C-2B7A3178F561}.Release|ARM.Deploy.0 = Release|iPhoneSimulator
		{5AA29D92-8500-4D91-948C-2B7A3178F561}.Release|iPhone.ActiveCfg = Release|iPhone
		{5AA29D92-8500-4D91-948C-2B7A3178F561}.Release|iPhone.Build.0 = Release|iPhone
		{5AA29D92-8500-4D91-948C-2B7A3178F561}.Release|iPhone.Deploy.0 = Release|iPhone
		{5AA29D92-8500-4D91-948C-2B7A3178F561}.Release|iPhoneSimulator.ActiveCfg = Release|iPhoneSimulator
		{5AA29D92-8500-4D91-948C-2B7A3178F561}.Release|iPhoneSimulator.Build.0 = Release|iPhoneSimulator
		{5AA29D92-8500-4D91-948C-2B7A3178F561}.Release|iPhoneSimulator.Deploy.0 = Release|iPhoneSimulator
		{5AA29D92-8500-4D91-948C-2B7A3178F561}.Release|x64.ActiveCfg = Release|iPhoneSimulator
		{5AA29D92-8500-4D91-948C-2B7A3178F561}.Release|x64.Build.0 = Release|iPhoneSimulator
		{5AA29D92-8500-4D91-948C-2B7A3178F561}.Release|x64.Deploy.0 = Release|iPhoneSimulator
		{5AA29D92-8500-4D91-948C-2B7A3178F561}.Release|x86.ActiveCfg = Release|iPhoneSimulator
		{5AA29D92-8500-4D91-948C-2B7A3178F561}.Release|x86.Build.0 = Release|iPhoneSimulator
		{5AA29D92-8500-4D91-948C-2B7A3178F561}.Release|x86.Deploy.0 = Release|iPhoneSimulator
		{2BF8FA4B-D2F6-4280-981E-05DBDAD9D2BB}.Debug|Any CPU.ActiveCfg = Debug|Any CPU
		{2BF8FA4B-D2F6-4280-981E-05DBDAD9D2BB}.Debug|Any CPU.Build.0 = Debug|Any CPU
		{2BF8FA4B-D2F6-4280-981E-05DBDAD9D2BB}.Debug|Any CPU.Deploy.0 = Debug|Any CPU
		{2BF8FA4B-D2F6-4280-981E-05DBDAD9D2BB}.Debug|ARM.ActiveCfg = Debug|Any CPU
		{2BF8FA4B-D2F6-4280-981E-05DBDAD9D2BB}.Debug|ARM.Build.0 = Debug|Any CPU
		{2BF8FA4B-D2F6-4280-981E-05DBDAD9D2BB}.Debug|ARM.Deploy.0 = Debug|Any CPU
		{2BF8FA4B-D2F6-4280-981E-05DBDAD9D2BB}.Debug|iPhone.ActiveCfg = Debug|Any CPU
		{2BF8FA4B-D2F6-4280-981E-05DBDAD9D2BB}.Debug|iPhone.Build.0 = Debug|Any CPU
		{2BF8FA4B-D2F6-4280-981E-05DBDAD9D2BB}.Debug|iPhone.Deploy.0 = Debug|Any CPU
		{2BF8FA4B-D2F6-4280-981E-05DBDAD9D2BB}.Debug|iPhoneSimulator.ActiveCfg = Debug|Any CPU
		{2BF8FA4B-D2F6-4280-981E-05DBDAD9D2BB}.Debug|iPhoneSimulator.Build.0 = Debug|Any CPU
		{2BF8FA4B-D2F6-4280-981E-05DBDAD9D2BB}.Debug|iPhoneSimulator.Deploy.0 = Debug|Any CPU
		{2BF8FA4B-D2F6-4280-981E-05DBDAD9D2BB}.Debug|x64.ActiveCfg = Debug|Any CPU
		{2BF8FA4B-D2F6-4280-981E-05DBDAD9D2BB}.Debug|x64.Build.0 = Debug|Any CPU
		{2BF8FA4B-D2F6-4280-981E-05DBDAD9D2BB}.Debug|x64.Deploy.0 = Debug|Any CPU
		{2BF8FA4B-D2F6-4280-981E-05DBDAD9D2BB}.Debug|x86.ActiveCfg = Debug|Any CPU
		{2BF8FA4B-D2F6-4280-981E-05DBDAD9D2BB}.Debug|x86.Build.0 = Debug|Any CPU
		{2BF8FA4B-D2F6-4280-981E-05DBDAD9D2BB}.Debug|x86.Deploy.0 = Debug|Any CPU
		{2BF8FA4B-D2F6-4280-981E-05DBDAD9D2BB}.Release|Any CPU.ActiveCfg = Release|Any CPU
		{2BF8FA4B-D2F6-4280-981E-05DBDAD9D2BB}.Release|Any CPU.Build.0 = Release|Any CPU
		{2BF8FA4B-D2F6-4280-981E-05DBDAD9D2BB}.Release|Any CPU.Deploy.0 = Release|Any CPU
		{2BF8FA4B-D2F6-4280-981E-05DBDAD9D2BB}.Release|ARM.ActiveCfg = Release|Any CPU
		{2BF8FA4B-D2F6-4280-981E-05DBDAD9D2BB}.Release|ARM.Build.0 = Release|Any CPU
		{2BF8FA4B-D2F6-4280-981E-05DBDAD9D2BB}.Release|ARM.Deploy.0 = Release|Any CPU
		{2BF8FA4B-D2F6-4280-981E-05DBDAD9D2BB}.Release|iPhone.ActiveCfg = Release|Any CPU
		{2BF8FA4B-D2F6-4280-981E-05DBDAD9D2BB}.Release|iPhone.Build.0 = Release|Any CPU
		{2BF8FA4B-D2F6-4280-981E-05DBDAD9D2BB}.Release|iPhone.Deploy.0 = Release|Any CPU
		{2BF8FA4B-D2F6-4280-981E-05DBDAD9D2BB}.Release|iPhoneSimulator.ActiveCfg = Release|Any CPU
		{2BF8FA4B-D2F6-4280-981E-05DBDAD9D2BB}.Release|iPhoneSimulator.Build.0 = Release|Any CPU
		{2BF8FA4B-D2F6-4280-981E-05DBDAD9D2BB}.Release|iPhoneSimulator.Deploy.0 = Release|Any CPU
		{2BF8FA4B-D2F6-4280-981E-05DBDAD9D2BB}.Release|x64.ActiveCfg = Release|Any CPU
		{2BF8FA4B-D2F6-4280-981E-05DBDAD9D2BB}.Release|x64.Build.0 = Release|Any CPU
		{2BF8FA4B-D2F6-4280-981E-05DBDAD9D2BB}.Release|x64.Deploy.0 = Release|Any CPU
		{2BF8FA4B-D2F6-4280-981E-05DBDAD9D2BB}.Release|x86.ActiveCfg = Release|Any CPU
		{2BF8FA4B-D2F6-4280-981E-05DBDAD9D2BB}.Release|x86.Build.0 = Release|Any CPU
		{2BF8FA4B-D2F6-4280-981E-05DBDAD9D2BB}.Release|x86.Deploy.0 = Release|Any CPU
	EndGlobalSection
	GlobalSection(SolutionProperties) = preSolution
		HideSolutionNode = FALSE
	EndGlobalSection
	GlobalSection(ExtensibilityGlobals) = postSolution
		SolutionGuid = {F8DEBEBF-CBDA-42F8-970C-77F6010589AE}
	EndGlobalSection
EndGlobal
